
Microsoft Visual Studio Solution File, Format Version 12.00
# Visual Studio 15
VisualStudioVersion = 15.0.27703.2026
MinimumVisualStudioVersion = 10.0.40219.1
Project("{9A19103F-16F7-4668-BE54-9A1E7A4F7556}") = "ObjectOrientedDemo", "..\ObjectOrientedDemo\ObjectOrientedDemo.csproj", "{26BA87EE-C7C4-4107-85BD-EE224E7B4493}"
EndProject
Project("{FAE04EC0-301F-11D3-BF4B-00C04F79EFBC}") = "ObjectOrientedDemo.Tests", "ObjectOrientedDemo.Tests.csproj", "{8EC501A2-CE68-48DE-BB37-CB4915021FFC}"
EndProject
Global
	GlobalSection(SolutionConfigurationPlatforms) = preSolution
		Debug|Any CPU = Debug|Any CPU
		Release|Any CPU = Release|Any CPU
	EndGlobalSection
	GlobalSection(ProjectConfigurationPlatforms) = postSolution
		{26BA87EE-C7C4-4107-85BD-EE224E7B4493}.Debug|Any CPU.ActiveCfg = Debug|Any CPU
		{26BA87EE-C7C4-4107-85BD-EE224E7B4493}.Debug|Any CPU.Build.0 = Debug|Any CPU
		{26BA87EE-C7C4-4107-85BD-EE224E7B4493}.Release|Any CPU.ActiveCfg = Release|Any CPU
		{26BA87EE-C7C4-4107-85BD-EE224E7B4493}.Release|Any CPU.Build.0 = Release|Any CPU
		{8EC501A2-CE68-48DE-BB37-CB4915021FFC}.Debug|Any CPU.ActiveCfg = Debug|Any CPU
		{8EC501A2-CE68-48DE-BB37-CB4915021FFC}.Debug|Any CPU.Build.0 = Debug|Any CPU
		{8EC501A2-CE68-48DE-BB37-CB4915021FFC}.Release|Any CPU.ActiveCfg = Release|Any CPU
		{8EC501A2-CE68-48DE-BB37-CB4915021FFC}.Release|Any CPU.Build.0 = Release|Any CPU
	EndGlobalSection
	GlobalSection(SolutionProperties) = preSolution
		HideSolutionNode = FALSE
	EndGlobalSection
	GlobalSection(ExtensibilityGlobals) = postSolution
		SolutionGuid = {4D1DFD0C-A63C-4E44-B8F8-0108DB5282EF}
	EndGlobalSection
EndGlobal
